
Microsoft Visual Studio Solution File, Format Version 12.00
# Visual Studio Version 17
VisualStudioVersion = 17.0.31825.309
MinimumVisualStudioVersion = 10.0.40219.1
Project("{2150E333-8FDC-42A3-9474-1A3956D46DE8}") = ".items", ".items", "{95942B4D-ABA8-4122-966C-B34814561F45}"
	ProjectSection(SolutionItems) = preProject
		..\LICENSE = ..\LICENSE
		..\README.md = ..\README.md
	EndProjectSection
EndProject
Project("{2150E333-8FDC-42A3-9474-1A3956D46DE8}") = "Tests", "Tests", "{F3C36AA5-1ED0-453E-B00F-E4760978CD0B}"
EndProject
Project("{2150E333-8FDC-42A3-9474-1A3956D46DE8}") = "Projects", "Projects", "{730CB631-E0FC-4447-AEE1-4E92D5807DA7}"
EndProject
Project("{FAE04EC0-301F-11D3-BF4B-00C04F79EFBC}") = "NHibernate.Logging.CommonLogging", "NHibernate.Logging.CommonLogging\NHibernate.Logging.CommonLogging.csproj", "{A4EFDD0D-9662-421F-A7CF-AC9DCDD0F4D0}"
EndProject
Project("{FAE04EC0-301F-11D3-BF4B-00C04F79EFBC}") = "NHibernate.Logging.UnitTests", "NHibernate.Logging.UnitTests\NHibernate.Logging.UnitTests.csproj", "{398A8077-AFEA-4E12-9911-21B74870AD86}"
EndProject
Project("{2150E333-8FDC-42A3-9474-1A3956D46DE8}") = "Demo", "Demo", "{0CF62AE7-4FF0-4D63-8DAC-01113AC90FF3}"
EndProject
Project("{FAE04EC0-301F-11D3-BF4B-00C04F79EFBC}") = "NHibernate.Logging.CommonLogging.Demo", "NHibernate.Logging.CommonLogging.Demo\NHibernate.Logging.CommonLogging.Demo.csproj", "{A69B236D-CB6D-4E34-A664-0AA6EEE2EB79}"
EndProject
Global
	GlobalSection(SolutionConfigurationPlatforms) = preSolution
		Debug|Any CPU = Debug|Any CPU
		Release|Any CPU = Release|Any CPU
	EndGlobalSection
	GlobalSection(ProjectConfigurationPlatforms) = postSolution
		{A4EFDD0D-9662-421F-A7CF-AC9DCDD0F4D0}.Debug|Any CPU.ActiveCfg = Debug|Any CPU
		{A4EFDD0D-9662-421F-A7CF-AC9DCDD0F4D0}.Debug|Any CPU.Build.0 = Debug|Any CPU
		{A4EFDD0D-9662-421F-A7CF-AC9DCDD0F4D0}.Release|Any CPU.ActiveCfg = Release|Any CPU
		{A4EFDD0D-9662-421F-A7CF-AC9DCDD0F4D0}.Release|Any CPU.Build.0 = Release|Any CPU
		{398A8077-AFEA-4E12-9911-21B74870AD86}.Debug|Any CPU.ActiveCfg = Debug|Any CPU
		{398A8077-AFEA-4E12-9911-21B74870AD86}.Debug|Any CPU.Build.0 = Debug|Any CPU
		{398A8077-AFEA-4E12-9911-21B74870AD86}.Release|Any CPU.ActiveCfg = Release|Any CPU
		{398A8077-AFEA-4E12-9911-21B74870AD86}.Release|Any CPU.Build.0 = Release|Any CPU
		{A69B236D-CB6D-4E34-A664-0AA6EEE2EB79}.Debug|Any CPU.ActiveCfg = Debug|Any CPU
		{A69B236D-CB6D-4E34-A664-0AA6EEE2EB79}.Debug|Any CPU.Build.0 = Debug|Any CPU
		{A69B236D-CB6D-4E34-A664-0AA6EEE2EB79}.Release|Any CPU.ActiveCfg = Release|Any CPU
		{A69B236D-CB6D-4E34-A664-0AA6EEE2EB79}.Release|Any CPU.Build.0 = Release|Any CPU
	EndGlobalSection
	GlobalSection(SolutionProperties) = preSolution
		HideSolutionNode = FALSE
	EndGlobalSection
	GlobalSection(NestedProjects) = preSolution
		{A4EFDD0D-9662-421F-A7CF-AC9DCDD0F4D0} = {730CB631-E0FC-4447-AEE1-4E92D5807DA7}
		{398A8077-AFEA-4E12-9911-21B74870AD86} = {F3C36AA5-1ED0-453E-B00F-E4760978CD0B}
		{A69B236D-CB6D-4E34-A664-0AA6EEE2EB79} = {0CF62AE7-4FF0-4D63-8DAC-01113AC90FF3}
	EndGlobalSection
	GlobalSection(ExtensibilityGlobals) = postSolution
		SolutionGuid = {F93D9F47-9501-4CE1-9E8D-DCC1F2D55157}
	EndGlobalSection
EndGlobal
